// !$*UTF8*$!
{
	archiveVersion = 1;
	classes = {
	};
	objectVersion = 46;
	objects = {

/* Begin PBXBuildFile section */
		CC1E52DF170B43760051FBCE /* UIKit.framework in Frameworks */ = {isa = PBXBuildFile; fileRef = CC1E52DE170B43760051FBCE /* UIKit.framework */; };
		CC1E52E1170B43760051FBCE /* Foundation.framework in Frameworks */ = {isa = PBXBuildFile; fileRef = CC1E52E0170B43760051FBCE /* Foundation.framework */; };
		CC1E52E3170B43760051FBCE /* CoreGraphics.framework in Frameworks */ = {isa = PBXBuildFile; fileRef = CC1E52E2170B43760051FBCE /* CoreGraphics.framework */; };
		CC1E52E9170B43760051FBCE /* InfoPlist.strings in Resources */ = {isa = PBXBuildFile; fileRef = CC1E52E7170B43760051FBCE /* InfoPlist.strings */; };
		CC1E52EB170B43760051FBCE /* main.m in Sources */ = {isa = PBXBuildFile; fileRef = CC1E52EA170B43760051FBCE /* main.m */; };
		CC1E52EF170B43760051FBCE /* SMHC_AppDelegate.m in Sources */ = {isa = PBXBuildFile; fileRef = CC1E52EE170B43760051FBCE /* SMHC_AppDelegate.m */; };
		CC1E52F1170B43760051FBCE /* Default.png in Resources */ = {isa = PBXBuildFile; fileRef = CC1E52F0170B43760051FBCE /* Default.png */; };
		CC1E52F3170B43760051FBCE /* Default@2x.png in Resources */ = {isa = PBXBuildFile; fileRef = CC1E52F2170B43760051FBCE /* Default@2x.png */; };
		CC1E52F5170B43760051FBCE /* Default-568h@2x.png in Resources */ = {isa = PBXBuildFile; fileRef = CC1E52F4170B43760051FBCE /* Default-568h@2x.png */; };
		CC1E52F8170B43760051FBCE /* MainStoryboard.storyboard in Resources */ = {isa = PBXBuildFile; fileRef = CC1E52F6170B43760051FBCE /* MainStoryboard.storyboard */; };
		CC1E5303170B43760051FBCE /* SenTestingKit.framework in Frameworks */ = {isa = PBXBuildFile; fileRef = CC1E5302170B43760051FBCE /* SenTestingKit.framework */; };
		CC1E5304170B43760051FBCE /* UIKit.framework in Frameworks */ = {isa = PBXBuildFile; fileRef = CC1E52DE170B43760051FBCE /* UIKit.framework */; };
		CC1E5305170B43760051FBCE /* Foundation.framework in Frameworks */ = {isa = PBXBuildFile; fileRef = CC1E52E0170B43760051FBCE /* Foundation.framework */; };
		CC1E530D170B43760051FBCE /* InfoPlist.strings in Resources */ = {isa = PBXBuildFile; fileRef = CC1E530B170B43760051FBCE /* InfoPlist.strings */; };
		CC1E5310170B43760051FBCE /* NTBELabsTests.m in Sources */ = {isa = PBXBuildFile; fileRef = CC1E530F170B43760051FBCE /* NTBELabsTests.m */; };
		CC325700172E92E5005F593C /* libsqlite3.dylib in Frameworks */ = {isa = PBXBuildFile; fileRef = CC3256FF172E92E5005F593C /* libsqlite3.dylib */; };
		CC325753172ED4E5005F593C /* AppUtil.m in Sources */ = {isa = PBXBuildFile; fileRef = CC32573F172ED4E5005F593C /* AppUtil.m */; };
		CC325754172ED4E5005F593C /* SQLiteFMDBHelper.m in Sources */ = {isa = PBXBuildFile; fileRef = CC325742172ED4E5005F593C /* SQLiteFMDBHelper.m */; };
		CC325755172ED4E5005F593C /* FMDatabase.m in Sources */ = {isa = PBXBuildFile; fileRef = CC325747172ED4E5005F593C /* FMDatabase.m */; };
		CC325756172ED4E5005F593C /* FMDatabaseAdditions.m in Sources */ = {isa = PBXBuildFile; fileRef = CC325749172ED4E5005F593C /* FMDatabaseAdditions.m */; };
		CC325757172ED4E5005F593C /* FMDatabasePool.m in Sources */ = {isa = PBXBuildFile; fileRef = CC32574B172ED4E5005F593C /* FMDatabasePool.m */; };
		CC325758172ED4E5005F593C /* FMDatabaseQueue.m in Sources */ = {isa = PBXBuildFile; fileRef = CC32574D172ED4E5005F593C /* FMDatabaseQueue.m */; };
		CC325759172ED4E5005F593C /* FMResultSet.m in Sources */ = {isa = PBXBuildFile; fileRef = CC32574F172ED4E5005F593C /* FMResultSet.m */; };
		CC32575C172FBA35005F593C /* SMHC_ViewController.m in Sources */ = {isa = PBXBuildFile; fileRef = CC32575B172FBA35005F593C /* SMHC_ViewController.m */; };
		CC32575E172FE398005F593C /* NTBELabsData.sqlite in Resources */ = {isa = PBXBuildFile; fileRef = CC32575D172FE398005F593C /* NTBELabsData.sqlite */; };
		CC3257651730B944005F593C /* SubjectsBLL.m in Sources */ = {isa = PBXBuildFile; fileRef = CC3257641730B944005F593C /* SubjectsBLL.m */; };
		CC3257681730B96F005F593C /* Subjects.m in Sources */ = {isa = PBXBuildFile; fileRef = CC3257671730B96F005F593C /* Subjects.m */; };
		CC7D3F4117334ABD00437858 /* ScaleReport.m in Sources */ = {isa = PBXBuildFile; fileRef = CC7D3F4017334ABD00437858 /* ScaleReport.m */; };
		CC7D3F4717334BA600437858 /* ScaleReportBLL.m in Sources */ = {isa = PBXBuildFile; fileRef = CC7D3F4617334BA600437858 /* ScaleReportBLL.m */; };
		CCCBC1B917357CEB0084B6B7 /* ScaleLevel in Resources */ = {isa = PBXBuildFile; fileRef = CCCBC1B817357CEB0084B6B7 /* ScaleLevel */; };
		CCCBC1C1173643490084B6B7 /* libMMMarkdown-iOS.a in Frameworks */ = {isa = PBXBuildFile; fileRef = CCCBC1C0173643490084B6B7 /* libMMMarkdown-iOS.a */; };
/* End PBXBuildFile section */

/* Begin PBXContainerItemProxy section */
		CC1E5306170B43760051FBCE /* PBXContainerItemProxy */ = {
			isa = PBXContainerItemProxy;
			containerPortal = CC1E52D3170B43760051FBCE /* Project object */;
			proxyType = 1;
			remoteGlobalIDString = CC1E52DA170B43760051FBCE;
			remoteInfo = NTBELabs;
		};
/* End PBXContainerItemProxy section */

/* Begin PBXFileReference section */
		CC1E52DB170B43760051FBCE /* NTBELabs.app */ = {isa = PBXFileReference; explicitFileType = wrapper.application; includeInIndex = 0; path = NTBELabs.app; sourceTree = BUILT_PRODUCTS_DIR; };
		CC1E52DE170B43760051FBCE /* UIKit.framework */ = {isa = PBXFileReference; lastKnownFileType = wrapper.framework; name = UIKit.framework; path = System/Library/Frameworks/UIKit.framework; sourceTree = SDKROOT; };
		CC1E52E0170B43760051FBCE /* Foundation.framework */ = {isa = PBXFileReference; lastKnownFileType = wrapper.framework; name = Foundation.framework; path = System/Library/Frameworks/Foundation.framework; sourceTree = SDKROOT; };
		CC1E52E2170B43760051FBCE /* CoreGraphics.framework */ = {isa = PBXFileReference; lastKnownFileType = wrapper.framework; name = CoreGraphics.framework; path = System/Library/Frameworks/CoreGraphics.framework; sourceTree = SDKROOT; };
		CC1E52E6170B43760051FBCE /* NTBELabs-Info.plist */ = {isa = PBXFileReference; lastKnownFileType = text.plist.xml; path = "NTBELabs-Info.plist"; sourceTree = "<group>"; };
		CC1E52E8170B43760051FBCE /* en */ = {isa = PBXFileReference; lastKnownFileType = text.plist.strings; name = en; path = en.lproj/InfoPlist.strings; sourceTree = "<group>"; };
		CC1E52EA170B43760051FBCE /* main.m */ = {isa = PBXFileReference; lastKnownFileType = sourcecode.c.objc; path = main.m; sourceTree = "<group>"; };
		CC1E52EC170B43760051FBCE /* NTBELabs-Prefix.pch */ = {isa = PBXFileReference; lastKnownFileType = sourcecode.c.h; path = "NTBELabs-Prefix.pch"; sourceTree = "<group>"; };
		CC1E52ED170B43760051FBCE /* SMHC_AppDelegate.h */ = {isa = PBXFileReference; lastKnownFileType = sourcecode.c.h; path = SMHC_AppDelegate.h; sourceTree = "<group>"; };
		CC1E52EE170B43760051FBCE /* SMHC_AppDelegate.m */ = {isa = PBXFileReference; lastKnownFileType = sourcecode.c.objc; path = SMHC_AppDelegate.m; sourceTree = "<group>"; };
		CC1E52F0170B43760051FBCE /* Default.png */ = {isa = PBXFileReference; lastKnownFileType = image.png; path = Default.png; sourceTree = "<group>"; };
		CC1E52F2170B43760051FBCE /* Default@2x.png */ = {isa = PBXFileReference; lastKnownFileType = image.png; path = "Default@2x.png"; sourceTree = "<group>"; };
		CC1E52F4170B43760051FBCE /* Default-568h@2x.png */ = {isa = PBXFileReference; lastKnownFileType = image.png; path = "Default-568h@2x.png"; sourceTree = "<group>"; };
		CC1E52F7170B43760051FBCE /* en */ = {isa = PBXFileReference; lastKnownFileType = file.storyboard; name = en; path = en.lproj/MainStoryboard.storyboard; sourceTree = "<group>"; };
		CC1E5301170B43760051FBCE /* NTBELabsTests.octest */ = {isa = PBXFileReference; explicitFileType = wrapper.cfbundle; includeInIndex = 0; path = NTBELabsTests.octest; sourceTree = BUILT_PRODUCTS_DIR; };
		CC1E5302170B43760051FBCE /* SenTestingKit.framework */ = {isa = PBXFileReference; lastKnownFileType = wrapper.framework; name = SenTestingKit.framework; path = Library/Frameworks/SenTestingKit.framework; sourceTree = DEVELOPER_DIR; };
		CC1E530A170B43760051FBCE /* NTBELabsTests-Info.plist */ = {isa = PBXFileReference; lastKnownFileType = text.plist.xml; path = "NTBELabsTests-Info.plist"; sourceTree = "<group>"; };
		CC1E530C170B43760051FBCE /* en */ = {isa = PBXFileReference; lastKnownFileType = text.plist.strings; name = en; path = en.lproj/InfoPlist.strings; sourceTree = "<group>"; };
		CC1E530E170B43760051FBCE /* NTBELabsTests.h */ = {isa = PBXFileReference; lastKnownFileType = sourcecode.c.h; path = NTBELabsTests.h; sourceTree = "<group>"; };
		CC1E530F170B43760051FBCE /* NTBELabsTests.m */ = {isa = PBXFileReference; lastKnownFileType = sourcecode.c.objc; path = NTBELabsTests.m; sourceTree = "<group>"; };
		CC3256FF172E92E5005F593C /* libsqlite3.dylib */ = {isa = PBXFileReference; lastKnownFileType = "compiled.mach-o.dylib"; name = libsqlite3.dylib; path = usr/lib/libsqlite3.dylib; sourceTree = SDKROOT; };
		CC32573E172ED4E5005F593C /* AppUtil.h */ = {isa = PBXFileReference; fileEncoding = 4; lastKnownFileType = sourcecode.c.h; path = AppUtil.h; sourceTree = "<group>"; };
		CC32573F172ED4E5005F593C /* AppUtil.m */ = {isa = PBXFileReference; fileEncoding = 4; lastKnownFileType = sourcecode.c.objc; path = AppUtil.m; sourceTree = "<group>"; };
		CC325740172ED4E5005F593C /* MacroUtils.h */ = {isa = PBXFileReference; fileEncoding = 4; lastKnownFileType = sourcecode.c.h; path = MacroUtils.h; sourceTree = "<group>"; };
		CC325741172ED4E5005F593C /* SQLiteFMDBHelper.h */ = {isa = PBXFileReference; fileEncoding = 4; lastKnownFileType = sourcecode.c.h; path = SQLiteFMDBHelper.h; sourceTree = "<group>"; };
		CC325742172ED4E5005F593C /* SQLiteFMDBHelper.m */ = {isa = PBXFileReference; fileEncoding = 4; lastKnownFileType = sourcecode.c.objc; path = SQLiteFMDBHelper.m; sourceTree = "<group>"; };
		CC325743172ED4E5005F593C /* SynthesizeSingleton.h */ = {isa = PBXFileReference; fileEncoding = 4; lastKnownFileType = sourcecode.c.h; path = SynthesizeSingleton.h; sourceTree = "<group>"; };
		CC325746172ED4E5005F593C /* FMDatabase.h */ = {isa = PBXFileReference; fileEncoding = 4; lastKnownFileType = sourcecode.c.h; path = FMDatabase.h; sourceTree = "<group>"; };
		CC325747172ED4E5005F593C /* FMDatabase.m */ = {isa = PBXFileReference; fileEncoding = 4; lastKnownFileType = sourcecode.c.objc; path = FMDatabase.m; sourceTree = "<group>"; };
		CC325748172ED4E5005F593C /* FMDatabaseAdditions.h */ = {isa = PBXFileReference; fileEncoding = 4; lastKnownFileType = sourcecode.c.h; path = FMDatabaseAdditions.h; sourceTree = "<group>"; };
		CC325749172ED4E5005F593C /* FMDatabaseAdditions.m */ = {isa = PBXFileReference; fileEncoding = 4; lastKnownFileType = sourcecode.c.objc; path = FMDatabaseAdditions.m; sourceTree = "<group>"; };
		CC32574A172ED4E5005F593C /* FMDatabasePool.h */ = {isa = PBXFileReference; fileEncoding = 4; lastKnownFileType = sourcecode.c.h; path = FMDatabasePool.h; sourceTree = "<group>"; };
		CC32574B172ED4E5005F593C /* FMDatabasePool.m */ = {isa = PBXFileReference; fileEncoding = 4; lastKnownFileType = sourcecode.c.objc; path = FMDatabasePool.m; sourceTree = "<group>"; };
		CC32574C172ED4E5005F593C /* FMDatabaseQueue.h */ = {isa = PBXFileReference; fileEncoding = 4; lastKnownFileType = sourcecode.c.h; path = FMDatabaseQueue.h; sourceTree = "<group>"; };
		CC32574D172ED4E5005F593C /* FMDatabaseQueue.m */ = {isa = PBXFileReference; fileEncoding = 4; lastKnownFileType = sourcecode.c.objc; path = FMDatabaseQueue.m; sourceTree = "<group>"; };
		CC32574E172ED4E5005F593C /* FMResultSet.h */ = {isa = PBXFileReference; fileEncoding = 4; lastKnownFileType = sourcecode.c.h; path = FMResultSet.h; sourceTree = "<group>"; };
		CC32574F172ED4E5005F593C /* FMResultSet.m */ = {isa = PBXFileReference; fileEncoding = 4; lastKnownFileType = sourcecode.c.objc; path = FMResultSet.m; sourceTree = "<group>"; };
		CC32575A172FBA35005F593C /* SMHC_ViewController.h */ = {isa = PBXFileReference; fileEncoding = 4; lastKnownFileType = sourcecode.c.h; path = SMHC_ViewController.h; sourceTree = "<group>"; };
		CC32575B172FBA35005F593C /* SMHC_ViewController.m */ = {isa = PBXFileReference; fileEncoding = 4; lastKnownFileType = sourcecode.c.objc; path = SMHC_ViewController.m; sourceTree = "<group>"; };
		CC32575D172FE398005F593C /* NTBELabsData.sqlite */ = {isa = PBXFileReference; lastKnownFileType = file; name = NTBELabsData.sqlite; path = "Supporting Files/NTBELabsData.sqlite"; sourceTree = "<group>"; };
		CC3257631730B943005F593C /* SubjectsBLL.h */ = {isa = PBXFileReference; fileEncoding = 4; lastKnownFileType = sourcecode.c.h; name = SubjectsBLL.h; path = Model/SubjectsBLL.h; sourceTree = "<group>"; };
		CC3257641730B944005F593C /* SubjectsBLL.m */ = {isa = PBXFileReference; fileEncoding = 4; lastKnownFileType = sourcecode.c.objc; name = SubjectsBLL.m; path = Model/SubjectsBLL.m; sourceTree = "<group>"; };
		CC3257661730B96E005F593C /* Subjects.h */ = {isa = PBXFileReference; fileEncoding = 4; lastKnownFileType = sourcecode.c.h; name = Subjects.h; path = Model/Subjects.h; sourceTree = "<group>"; };
		CC3257671730B96F005F593C /* Subjects.m */ = {isa = PBXFileReference; fileEncoding = 4; lastKnownFileType = sourcecode.c.objc; name = Subjects.m; path = Model/Subjects.m; sourceTree = "<group>"; };
		CC7D3F3F17334ABD00437858 /* ScaleReport.h */ = {isa = PBXFileReference; fileEncoding = 4; lastKnownFileType = sourcecode.c.h; name = ScaleReport.h; path = Model/ScaleReport.h; sourceTree = "<group>"; };
		CC7D3F4017334ABD00437858 /* ScaleReport.m */ = {isa = PBXFileReference; fileEncoding = 4; lastKnownFileType = sourcecode.c.objc; name = ScaleReport.m; path = Model/ScaleReport.m; sourceTree = "<group>"; };
		CC7D3F4517334BA600437858 /* ScaleReportBLL.h */ = {isa = PBXFileReference; fileEncoding = 4; lastKnownFileType = sourcecode.c.h; name = ScaleReportBLL.h; path = Model/ScaleReportBLL.h; sourceTree = "<group>"; };
		CC7D3F4617334BA600437858 /* ScaleReportBLL.m */ = {isa = PBXFileReference; fileEncoding = 4; lastKnownFileType = sourcecode.c.objc; name = ScaleReportBLL.m; path = Model/ScaleReportBLL.m; sourceTree = "<group>"; };
		CC7D3F4917335A7500437858 /* Constants.h */ = {isa = PBXFileReference; fileEncoding = 4; lastKnownFileType = sourcecode.c.h; path = Constants.h; sourceTree = "<group>"; };
		CCCBC1B817357CEB0084B6B7 /* ScaleLevel */ = {isa = PBXFileReference; lastKnownFileType = folder; name = ScaleLevel; path = "Supporting Files/ScaleLevel"; sourceTree = "<group>"; };
		CCCBC1BE173643490084B6B7 /* MMMarkdown.h */ = {isa = PBXFileReference; fileEncoding = 4; lastKnownFileType = sourcecode.c.h; path = MMMarkdown.h; sourceTree = "<group>"; };
		CCCBC1C0173643490084B6B7 /* libMMMarkdown-iOS.a */ = {isa = PBXFileReference; lastKnownFileType = archive.ar; path = "libMMMarkdown-iOS.a"; sourceTree = "<group>"; };
/* End PBXFileReference section */

/* Begin PBXFrameworksBuildPhase section */
		CC1E52D8170B43760051FBCE /* Frameworks */ = {
			isa = PBXFrameworksBuildPhase;
			buildActionMask = 2147483647;
			files = (
				CC325700172E92E5005F593C /* libsqlite3.dylib in Frameworks */,
				CC1E52DF170B43760051FBCE /* UIKit.framework in Frameworks */,
				CC1E52E1170B43760051FBCE /* Foundation.framework in Frameworks */,
				CC1E52E3170B43760051FBCE /* CoreGraphics.framework in Frameworks */,
				CCCBC1C1173643490084B6B7 /* libMMMarkdown-iOS.a in Frameworks */,
			);
			runOnlyForDeploymentPostprocessing = 0;
		};
		CC1E52FD170B43760051FBCE /* Frameworks */ = {
			isa = PBXFrameworksBuildPhase;
			buildActionMask = 2147483647;
			files = (
				CC1E5303170B43760051FBCE /* SenTestingKit.framework in Frameworks */,
				CC1E5304170B43760051FBCE /* UIKit.framework in Frameworks */,
				CC1E5305170B43760051FBCE /* Foundation.framework in Frameworks */,
			);
			runOnlyForDeploymentPostprocessing = 0;
		};
/* End PBXFrameworksBuildPhase section */

/* Begin PBXGroup section */
		CC1E52D2170B43760051FBCE = {
			isa = PBXGroup;
			children = (
				CC1E52E4170B43760051FBCE /* NTBELabs */,
				CC1E5308170B43760051FBCE /* NTBELabsTests */,
				CC1E52DD170B43760051FBCE /* Frameworks */,
				CC1E52DC170B43760051FBCE /* Products */,
			);
			sourceTree = "<group>";
		};
		CC1E52DC170B43760051FBCE /* Products */ = {
			isa = PBXGroup;
			children = (
				CC1E52DB170B43760051FBCE /* NTBELabs.app */,
				CC1E5301170B43760051FBCE /* NTBELabsTests.octest */,
			);
			name = Products;
			sourceTree = "<group>";
		};
		CC1E52DD170B43760051FBCE /* Frameworks */ = {
			isa = PBXGroup;
			children = (
				CC3256FF172E92E5005F593C /* libsqlite3.dylib */,
				CC1E52DE170B43760051FBCE /* UIKit.framework */,
				CC1E52E0170B43760051FBCE /* Foundation.framework */,
				CC1E52E2170B43760051FBCE /* CoreGraphics.framework */,
				CC1E5302170B43760051FBCE /* SenTestingKit.framework */,
			);
			name = Frameworks;
			sourceTree = "<group>";
		};
		CC1E52E4170B43760051FBCE /* NTBELabs */ = {
			isa = PBXGroup;
			children = (
				CC32575F172FF21A005F593C /* Model */,
				CC32573D172ED4E5005F593C /* util */,
				CC325744172ED4E5005F593C /* Vendor */,
				CC325750172ED4E5005F593C /* ViewControllers */,
				CC325752172ED4E5005F593C /* Views */,
				CC32573C172ED417005F593C /* SampleCode */,
				CC1E52ED170B43760051FBCE /* SMHC_AppDelegate.h */,
				CC1E52EE170B43760051FBCE /* SMHC_AppDelegate.m */,
				CC1E52F6170B43760051FBCE /* MainStoryboard.storyboard */,
				CC1E52E5170B43760051FBCE /* Supporting Files */,
			);
			path = NTBELabs;
			sourceTree = "<group>";
		};
		CC1E52E5170B43760051FBCE /* Supporting Files */ = {
			isa = PBXGroup;
			children = (
				CCCBC1B817357CEB0084B6B7 /* ScaleLevel */,
				CC32575D172FE398005F593C /* NTBELabsData.sqlite */,
				CC32571E172EAE8C005F593C /* images */,
				CC1E52E6170B43760051FBCE /* NTBELabs-Info.plist */,
				CC1E52E7170B43760051FBCE /* InfoPlist.strings */,
				CC1E52EA170B43760051FBCE /* main.m */,
				CC1E52EC170B43760051FBCE /* NTBELabs-Prefix.pch */,
				CC1E52F0170B43760051FBCE /* Default.png */,
				CC1E52F2170B43760051FBCE /* Default@2x.png */,
				CC1E52F4170B43760051FBCE /* Default-568h@2x.png */,
			);
			name = "Supporting Files";
			sourceTree = "<group>";
		};
		CC1E5308170B43760051FBCE /* NTBELabsTests */ = {
			isa = PBXGroup;
			children = (
				CC1E530E170B43760051FBCE /* NTBELabsTests.h */,
				CC1E530F170B43760051FBCE /* NTBELabsTests.m */,
				CC1E5309170B43760051FBCE /* Supporting Files */,
			);
			path = NTBELabsTests;
			sourceTree = "<group>";
		};
		CC1E5309170B43760051FBCE /* Supporting Files */ = {
			isa = PBXGroup;
			children = (
				CC1E530A170B43760051FBCE /* NTBELabsTests-Info.plist */,
				CC1E530B170B43760051FBCE /* InfoPlist.strings */,
			);
			name = "Supporting Files";
			sourceTree = "<group>";
		};
		CC32571E172EAE8C005F593C /* images */ = {
			isa = PBXGroup;
			children = (
			);
			name = images;
			path = "Supporting Files/images";
			sourceTree = "<group>";
		};
		CC32573C172ED417005F593C /* SampleCode */ = {
			isa = PBXGroup;
			children = (
				CC32575A172FBA35005F593C /* SMHC_ViewController.h */,
				CC32575B172FBA35005F593C /* SMHC_ViewController.m */,
			);
			path = SampleCode;
			sourceTree = "<group>";
		};
		CC32573D172ED4E5005F593C /* util */ = {
			isa = PBXGroup;
			children = (
				CC7D3F4917335A7500437858 /* Constants.h */,
				CC32573E172ED4E5005F593C /* AppUtil.h */,
				CC32573F172ED4E5005F593C /* AppUtil.m */,
				CC325740172ED4E5005F593C /* MacroUtils.h */,
				CC325741172ED4E5005F593C /* SQLiteFMDBHelper.h */,
				CC325742172ED4E5005F593C /* SQLiteFMDBHelper.m */,
				CC325743172ED4E5005F593C /* SynthesizeSingleton.h */,
			);
			path = util;
			sourceTree = "<group>";
		};
		CC325744172ED4E5005F593C /* Vendor */ = {
			isa = PBXGroup;
			children = (
				CCCBC1BC173643490084B6B7 /* MMMarkdown */,
				CC325745172ED4E5005F593C /* FMDB */,
			);
			path = Vendor;
			sourceTree = "<group>";
		};
		CC325745172ED4E5005F593C /* FMDB */ = {
			isa = PBXGroup;
			children = (
				CC325746172ED4E5005F593C /* FMDatabase.h */,
				CC325747172ED4E5005F593C /* FMDatabase.m */,
				CC325748172ED4E5005F593C /* FMDatabaseAdditions.h */,
				CC325749172ED4E5005F593C /* FMDatabaseAdditions.m */,
				CC32574A172ED4E5005F593C /* FMDatabasePool.h */,
				CC32574B172ED4E5005F593C /* FMDatabasePool.m */,
				CC32574C172ED4E5005F593C /* FMDatabaseQueue.h */,
				CC32574D172ED4E5005F593C /* FMDatabaseQueue.m */,
				CC32574E172ED4E5005F593C /* FMResultSet.h */,
				CC32574F172ED4E5005F593C /* FMResultSet.m */,
			);
			path = FMDB;
			sourceTree = "<group>";
		};
		CC325750172ED4E5005F593C /* ViewControllers */ = {
			isa = PBXGroup;
			children = (
			);
			path = ViewControllers;
			sourceTree = "<group>";
		};
		CC325752172ED4E5005F593C /* Views */ = {
			isa = PBXGroup;
			children = (
			);
			path = Views;
			sourceTree = "<group>";
		};
		CC32575F172FF21A005F593C /* Model */ = {
			isa = PBXGroup;
			children = (
				CC7D3F4517334BA600437858 /* ScaleReportBLL.h */,
				CC7D3F4617334BA600437858 /* ScaleReportBLL.m */,
				CC7D3F3F17334ABD00437858 /* ScaleReport.h */,
				CC7D3F4017334ABD00437858 /* ScaleReport.m */,
				CC3257631730B943005F593C /* SubjectsBLL.h */,
				CC3257641730B944005F593C /* SubjectsBLL.m */,
				CC3257661730B96E005F593C /* Subjects.h */,
				CC3257671730B96F005F593C /* Subjects.m */,
			);
			name = Model;
			sourceTree = "<group>";
		};
		CCCBC1BC173643490084B6B7 /* MMMarkdown */ = {
			isa = PBXGroup;
			children = (
				CCCBC1BD173643490084B6B7 /* Headers */,
				CCCBC1BF173643490084B6B7 /* Libraries */,
			);
			path = MMMarkdown;
			sourceTree = "<group>";
		};
		CCCBC1BD173643490084B6B7 /* Headers */ = {
			isa = PBXGroup;
			children = (
				CCCBC1BE173643490084B6B7 /* MMMarkdown.h */,
			);
			path = Headers;
			sourceTree = "<group>";
		};
		CCCBC1BF173643490084B6B7 /* Libraries */ = {
			isa = PBXGroup;
			children = (
				CCCBC1C0173643490084B6B7 /* libMMMarkdown-iOS.a */,
			);
			path = Libraries;
			sourceTree = "<group>";
		};
/* End PBXGroup section */

/* Begin PBXNativeTarget section */
		CC1E52DA170B43760051FBCE /* NTBELabs */ = {
			isa = PBXNativeTarget;
			buildConfigurationList = CC1E5313170B43760051FBCE /* Build configuration list for PBXNativeTarget "NTBELabs" */;
			buildPhases = (
				CC1E52D7170B43760051FBCE /* Sources */,
				CC1E52D8170B43760051FBCE /* Frameworks */,
				CC1E52D9170B43760051FBCE /* Resources */,
			);
			buildRules = (
			);
			dependencies = (
			);
			name = NTBELabs;
			productName = NTBELabs;
			productReference = CC1E52DB170B43760051FBCE /* NTBELabs.app */;
			productType = "com.apple.product-type.application";
		};
		CC1E5300170B43760051FBCE /* NTBELabsTests */ = {
			isa = PBXNativeTarget;
			buildConfigurationList = CC1E5316170B43760051FBCE /* Build configuration list for PBXNativeTarget "NTBELabsTests" */;
			buildPhases = (
				CC1E52FC170B43760051FBCE /* Sources */,
				CC1E52FD170B43760051FBCE /* Frameworks */,
				CC1E52FE170B43760051FBCE /* Resources */,
				CC1E52FF170B43760051FBCE /* ShellScript */,
			);
			buildRules = (
			);
			dependencies = (
				CC1E5307170B43760051FBCE /* PBXTargetDependency */,
			);
			name = NTBELabsTests;
			productName = NTBELabsTests;
			productReference = CC1E5301170B43760051FBCE /* NTBELabsTests.octest */;
			productType = "com.apple.product-type.bundle";
		};
/* End PBXNativeTarget section */

/* Begin PBXProject section */
		CC1E52D3170B43760051FBCE /* Project object */ = {
			isa = PBXProject;
			attributes = {
				CLASSPREFIX = SMHC_;
				LastUpgradeCheck = 0460;
				ORGANIZATIONNAME = alexday;
			};
			buildConfigurationList = CC1E52D6170B43760051FBCE /* Build configuration list for PBXProject "NTBELabs" */;
			compatibilityVersion = "Xcode 3.2";
			developmentRegion = English;
			hasScannedForEncodings = 0;
			knownRegions = (
				en,
			);
			mainGroup = CC1E52D2170B43760051FBCE;
			productRefGroup = CC1E52DC170B43760051FBCE /* Products */;
			projectDirPath = "";
			projectRoot = "";
			targets = (
				CC1E52DA170B43760051FBCE /* NTBELabs */,
				CC1E5300170B43760051FBCE /* NTBELabsTests */,
			);
		};
/* End PBXProject section */

/* Begin PBXResourcesBuildPhase section */
		CC1E52D9170B43760051FBCE /* Resources */ = {
			isa = PBXResourcesBuildPhase;
			buildActionMask = 2147483647;
			files = (
				CC1E52E9170B43760051FBCE /* InfoPlist.strings in Resources */,
				CC1E52F1170B43760051FBCE /* Default.png in Resources */,
				CC1E52F3170B43760051FBCE /* Default@2x.png in Resources */,
				CC1E52F5170B43760051FBCE /* Default-568h@2x.png in Resources */,
				CC1E52F8170B43760051FBCE /* MainStoryboard.storyboard in Resources */,
				CC32575E172FE398005F593C /* NTBELabsData.sqlite in Resources */,
				CCCBC1B917357CEB0084B6B7 /* ScaleLevel in Resources */,
			);
			runOnlyForDeploymentPostprocessing = 0;
		};
		CC1E52FE170B43760051FBCE /* Resources */ = {
			isa = PBXResourcesBuildPhase;
			buildActionMask = 2147483647;
			files = (
				CC1E530D170B43760051FBCE /* InfoPlist.strings in Resources */,
			);
			runOnlyForDeploymentPostprocessing = 0;
		};
/* End PBXResourcesBuildPhase section */

/* Begin PBXShellScriptBuildPhase section */
		CC1E52FF170B43760051FBCE /* ShellScript */ = {
			isa = PBXShellScriptBuildPhase;
			buildActionMask = 2147483647;
			files = (
			);
			inputPaths = (
			);
			outputPaths = (
			);
			runOnlyForDeploymentPostprocessing = 0;
			shellPath = /bin/sh;
			shellScript = "# Run the unit tests in this test bundle.\n\"${SYSTEM_DEVELOPER_DIR}/Tools/RunUnitTests\"\n";
		};
/* End PBXShellScriptBuildPhase section */

/* Begin PBXSourcesBuildPhase section */
		CC1E52D7170B43760051FBCE /* Sources */ = {
			isa = PBXSourcesBuildPhase;
			buildActionMask = 2147483647;
			files = (
				CC1E52EB170B43760051FBCE /* main.m in Sources */,
				CC1E52EF170B43760051FBCE /* SMHC_AppDelegate.m in Sources */,
				CC325753172ED4E5005F593C /* AppUtil.m in Sources */,
				CC325754172ED4E5005F593C /* SQLiteFMDBHelper.m in Sources */,
				CC325755172ED4E5005F593C /* FMDatabase.m in Sources */,
				CC325756172ED4E5005F593C /* FMDatabaseAdditions.m in Sources */,
				CC325758172ED4E5005F593C /* FMDatabaseQueue.m in Sources */,
				CC325757172ED4E5005F593C /* FMDatabasePool.m in Sources */,
				CC325759172ED4E5005F593C /* FMResultSet.m in Sources */,
				CC32575C172FBA35005F593C /* SMHC_ViewController.m in Sources */,
				CC3257651730B944005F593C /* SubjectsBLL.m in Sources */,
				CC3257681730B96F005F593C /* Subjects.m in Sources */,
				CC7D3F4117334ABD00437858 /* ScaleReport.m in Sources */,
				CC7D3F4717334BA600437858 /* ScaleReportBLL.m in Sources */,
			);
			runOnlyForDeploymentPostprocessing = 0;
		};
		CC1E52FC170B43760051FBCE /* Sources */ = {
			isa = PBXSourcesBuildPhase;
			buildActionMask = 2147483647;
			files = (
				CC1E5310170B43760051FBCE /* NTBELabsTests.m in Sources */,
			);
			runOnlyForDeploymentPostprocessing = 0;
		};
/* End PBXSourcesBuildPhase section */

/* Begin PBXTargetDependency section */
		CC1E5307170B43760051FBCE /* PBXTargetDependency */ = {
			isa = PBXTargetDependency;
			target = CC1E52DA170B43760051FBCE /* NTBELabs */;
			targetProxy = CC1E5306170B43760051FBCE /* PBXContainerItemProxy */;
		};
/* End PBXTargetDependency section */

/* Begin PBXVariantGroup section */
		CC1E52E7170B43760051FBCE /* InfoPlist.strings */ = {
			isa = PBXVariantGroup;
			children = (
				CC1E52E8170B43760051FBCE /* en */,
			);
			name = InfoPlist.strings;
			sourceTree = "<group>";
		};
		CC1E52F6170B43760051FBCE /* MainStoryboard.storyboard */ = {
			isa = PBXVariantGroup;
			children = (
				CC1E52F7170B43760051FBCE /* en */,
			);
			name = MainStoryboard.storyboard;
			sourceTree = "<group>";
		};
		CC1E530B170B43760051FBCE /* InfoPlist.strings */ = {
			isa = PBXVariantGroup;
			children = (
				CC1E530C170B43760051FBCE /* en */,
			);
			name = InfoPlist.strings;
			sourceTree = "<group>";
		};
/* End PBXVariantGroup section */

/* Begin XCBuildConfiguration section */
		CC1E5311170B43760051FBCE /* Debug */ = {
			isa = XCBuildConfiguration;
			buildSettings = {
				ALWAYS_SEARCH_USER_PATHS = NO;
				CLANG_CXX_LANGUAGE_STANDARD = "gnu++0x";
				CLANG_CXX_LIBRARY = "libc++";
				CLANG_ENABLE_OBJC_ARC = YES;
				CLANG_WARN_CONSTANT_CONVERSION = YES;
				CLANG_WARN_EMPTY_BODY = YES;
				CLANG_WARN_ENUM_CONVERSION = YES;
				CLANG_WARN_INT_CONVERSION = YES;
				CLANG_WARN__DUPLICATE_METHOD_MATCH = YES;
				"CODE_SIGN_IDENTITY[sdk=iphoneos*]" = "iPhone Developer";
				COPY_PHASE_STRIP = NO;
				GCC_C_LANGUAGE_STANDARD = gnu99;
				GCC_DYNAMIC_NO_PIC = NO;
				GCC_OPTIMIZATION_LEVEL = 0;
				GCC_PREPROCESSOR_DEFINITIONS = (
					"DEBUG=1",
					"$(inherited)",
				);
				GCC_SYMBOLS_PRIVATE_EXTERN = NO;
				GCC_WARN_ABOUT_RETURN_TYPE = YES;
				GCC_WARN_UNINITIALIZED_AUTOS = YES;
				GCC_WARN_UNUSED_VARIABLE = YES;
				IPHONEOS_DEPLOYMENT_TARGET = 5.0;
				ONLY_ACTIVE_ARCH = YES;
				SDKROOT = iphoneos;
				TARGETED_DEVICE_FAMILY = 2;
			};
			name = Debug;
		};
		CC1E5312170B43760051FBCE /* Release */ = {
			isa = XCBuildConfiguration;
			buildSettings = {
				ALWAYS_SEARCH_USER_PATHS = NO;
				CLANG_CXX_LANGUAGE_STANDARD = "gnu++0x";
				CLANG_CXX_LIBRARY = "libc++";
				CLANG_ENABLE_OBJC_ARC = YES;
				CLANG_WARN_CONSTANT_CONVERSION = YES;
				CLANG_WARN_EMPTY_BODY = YES;
				CLANG_WARN_ENUM_CONVERSION = YES;
				CLANG_WARN_INT_CONVERSION = YES;
				CLANG_WARN__DUPLICATE_METHOD_MATCH = YES;
				"CODE_SIGN_IDENTITY[sdk=iphoneos*]" = "iPhone Developer";
				COPY_PHASE_STRIP = YES;
				GCC_C_LANGUAGE_STANDARD = gnu99;
				GCC_WARN_ABOUT_RETURN_TYPE = YES;
				GCC_WARN_UNINITIALIZED_AUTOS = YES;
				GCC_WARN_UNUSED_VARIABLE = YES;
				IPHONEOS_DEPLOYMENT_TARGET = 5.0;
				OTHER_CFLAGS = "-DNS_BLOCK_ASSERTIONS=1";
				SDKROOT = iphoneos;
				TARGETED_DEVICE_FAMILY = 2;
				VALIDATE_PRODUCT = YES;
			};
			name = Release;
		};
		CC1E5314170B43760051FBCE /* Debug */ = {
			isa = XCBuildConfiguration;
			buildSettings = {
				GCC_PRECOMPILE_PREFIX_HEADER = YES;
				GCC_PREFIX_HEADER = "NTBELabs/NTBELabs-Prefix.pch";
				INFOPLIST_FILE = "NTBELabs/NTBELabs-Info.plist";
				IPHONEOS_DEPLOYMENT_TARGET = 5.0;
				LIBRARY_SEARCH_PATHS = (
					"$(inherited)",
					"\"$(SRCROOT)/NTBELabs/Vendor/MMMarkdown/Libraries\"",
				);
				PRODUCT_NAME = "$(TARGET_NAME)";
				WRAPPER_EXTENSION = app;
			};
			name = Debug;
		};
		CC1E5315170B43760051FBCE /* Release */ = {
			isa = XCBuildConfiguration;
			buildSettings = {
				GCC_PRECOMPILE_PREFIX_HEADER = YES;
				GCC_PREFIX_HEADER = "NTBELabs/NTBELabs-Prefix.pch";
				INFOPLIST_FILE = "NTBELabs/NTBELabs-Info.plist";
				IPHONEOS_DEPLOYMENT_TARGET = 5.0;
				LIBRARY_SEARCH_PATHS = (
					"$(inherited)",
					"\"$(SRCROOT)/NTBELabs/Vendor/MMMarkdown/Libraries\"",
				);
				PRODUCT_NAME = "$(TARGET_NAME)";
				WRAPPER_EXTENSION = app;
			};
			name = Release;
		};
		CC1E5317170B43760051FBCE /* Debug */ = {
			isa = XCBuildConfiguration;
			buildSettings = {
				BUNDLE_LOADER = "$(BUILT_PRODUCTS_DIR)/NTBELabs.app/NTBELabs";
				FRAMEWORK_SEARCH_PATHS = (
					"\"$(SDKROOT)/Developer/Library/Frameworks\"",
					"\"$(DEVELOPER_LIBRARY_DIR)/Frameworks\"",
				);
				GCC_PRECOMPILE_PREFIX_HEADER = YES;
				GCC_PREFIX_HEADER = "NTBELabs/NTBELabs-Prefix.pch";
				INFOPLIST_FILE = "NTBELabsTests/NTBELabsTests-Info.plist";
				PRODUCT_NAME = "$(TARGET_NAME)";
				TEST_HOST = "$(BUNDLE_LOADER)";
				WRAPPER_EXTENSION = octest;
			};
			name = Debug;
		};
		CC1E5318170B43760051FBCE /* Release */ = {
			isa = XCBuildConfiguration;
			buildSettings = {
				BUNDLE_LOADER = "$(BUILT_PRODUCTS_DIR)/NTBELabs.app/NTBELabs";
				FRAMEWORK_SEARCH_PATHS = (
					"\"$(SDKROOT)/Developer/Library/Frameworks\"",
					"\"$(DEVELOPER_LIBRARY_DIR)/Frameworks\"",
				);
				GCC_PRECOMPILE_PREFIX_HEADER = YES;
				GCC_PREFIX_HEADER = "NTBELabs/NTBELabs-Prefix.pch";
				INFOPLIST_FILE = "NTBELabsTests/NTBELabsTests-Info.plist";
				PRODUCT_NAME = "$(TARGET_NAME)";
				TEST_HOST = "$(BUNDLE_LOADER)";
				WRAPPER_EXTENSION = octest;
			};
			name = Release;
		};
/* End XCBuildConfiguration section */

/* Begin XCConfigurationList section */
		CC1E52D6170B43760051FBCE /* Build configuration list for PBXProject "NTBELabs" */ = {
			isa = XCConfigurationList;
			buildConfigurations = (
				CC1E5311170B43760051FBCE /* Debug */,
				CC1E5312170B43760051FBCE /* Release */,
			);
			defaultConfigurationIsVisible = 0;
			defaultConfigurationName = Release;
		};
		CC1E5313170B43760051FBCE /* Build configuration list for PBXNativeTarget "NTBELabs" */ = {
			isa = XCConfigurationList;
			buildConfigurations = (
				CC1E5314170B43760051FBCE /* Debug */,
				CC1E5315170B43760051FBCE /* Release */,
			);
			defaultConfigurationIsVisible = 0;
			defaultConfigurationName = Release;
		};
		CC1E5316170B43760051FBCE /* Build configuration list for PBXNativeTarget "NTBELabsTests" */ = {
			isa = XCConfigurationList;
			buildConfigurations = (
				CC1E5317170B43760051FBCE /* Debug */,
				CC1E5318170B43760051FBCE /* Release */,
			);
			defaultConfigurationIsVisible = 0;
			defaultConfigurationName = Release;
		};
/* End XCConfigurationList section */
	};
	rootObject = CC1E52D3170B43760051FBCE /* Project object */;
}
